# This file is generated by running "yarn install" inside your project.
# Manual changes might be lost - proceed with caution!

__metadata:
  version: 6
  cacheKey: 8

"@esbuild/android-arm64@npm:0.17.18":
  version: 0.17.18
  resolution: "@esbuild/android-arm64@npm:0.17.18"
  conditions: os=android & cpu=arm64
  languageName: node
  linkType: hard

"@esbuild/android-arm@npm:0.17.18":
  version: 0.17.18
  resolution: "@esbuild/android-arm@npm:0.17.18"
  conditions: os=android & cpu=arm
  languageName: node
  linkType: hard

"@esbuild/android-x64@npm:0.17.18":
  version: 0.17.18
  resolution: "@esbuild/android-x64@npm:0.17.18"
  conditions: os=android & cpu=x64
  languageName: node
  linkType: hard

"@esbuild/darwin-arm64@npm:0.17.18":
  version: 0.17.18
  resolution: "@esbuild/darwin-arm64@npm:0.17.18"
  conditions: os=darwin & cpu=arm64
  languageName: node
  linkType: hard

"@esbuild/darwin-x64@npm:0.17.18":
  version: 0.17.18
  resolution: "@esbuild/darwin-x64@npm:0.17.18"
  conditions: os=darwin & cpu=x64
  languageName: node
  linkType: hard

"@esbuild/freebsd-arm64@npm:0.17.18":
  version: 0.17.18
  resolution: "@esbuild/freebsd-arm64@npm:0.17.18"
  conditions: os=freebsd & cpu=arm64
  languageName: node
  linkType: hard

"@esbuild/freebsd-x64@npm:0.17.18":
  version: 0.17.18
  resolution: "@esbuild/freebsd-x64@npm:0.17.18"
  conditions: os=freebsd & cpu=x64
  languageName: node
  linkType: hard

"@esbuild/linux-arm64@npm:0.17.18":
  version: 0.17.18
  resolution: "@esbuild/linux-arm64@npm:0.17.18"
  conditions: os=linux & cpu=arm64
  languageName: node
  linkType: hard

"@esbuild/linux-arm@npm:0.17.18":
  version: 0.17.18
  resolution: "@esbuild/linux-arm@npm:0.17.18"
  conditions: os=linux & cpu=arm
  languageName: node
  linkType: hard

"@esbuild/linux-ia32@npm:0.17.18":
  version: 0.17.18
  resolution: "@esbuild/linux-ia32@npm:0.17.18"
  conditions: os=linux & cpu=ia32
  languageName: node
  linkType: hard

"@esbuild/linux-loong64@npm:0.17.18":
  version: 0.17.18
  resolution: "@esbuild/linux-loong64@npm:0.17.18"
  conditions: os=linux & cpu=loong64
  languageName: node
  linkType: hard

"@esbuild/linux-mips64el@npm:0.17.18":
  version: 0.17.18
  resolution: "@esbuild/linux-mips64el@npm:0.17.18"
  conditions: os=linux & cpu=mips64el
  languageName: node
  linkType: hard

"@esbuild/linux-ppc64@npm:0.17.18":
  version: 0.17.18
  resolution: "@esbuild/linux-ppc64@npm:0.17.18"
  conditions: os=linux & cpu=ppc64
  languageName: node
  linkType: hard

"@esbuild/linux-riscv64@npm:0.17.18":
  version: 0.17.18
  resolution: "@esbuild/linux-riscv64@npm:0.17.18"
  conditions: os=linux & cpu=riscv64
  languageName: node
  linkType: hard

"@esbuild/linux-s390x@npm:0.17.18":
  version: 0.17.18
  resolution: "@esbuild/linux-s390x@npm:0.17.18"
  conditions: os=linux & cpu=s390x
  languageName: node
  linkType: hard

"@esbuild/linux-x64@npm:0.17.18":
  version: 0.17.18
  resolution: "@esbuild/linux-x64@npm:0.17.18"
  conditions: os=linux & cpu=x64
  languageName: node
  linkType: hard

"@esbuild/netbsd-x64@npm:0.17.18":
  version: 0.17.18
  resolution: "@esbuild/netbsd-x64@npm:0.17.18"
  conditions: os=netbsd & cpu=x64
  languageName: node
  linkType: hard

"@esbuild/openbsd-x64@npm:0.17.18":
  version: 0.17.18
  resolution: "@esbuild/openbsd-x64@npm:0.17.18"
  conditions: os=openbsd & cpu=x64
  languageName: node
  linkType: hard

"@esbuild/sunos-x64@npm:0.17.18":
  version: 0.17.18
  resolution: "@esbuild/sunos-x64@npm:0.17.18"
  conditions: os=sunos & cpu=x64
  languageName: node
  linkType: hard

"@esbuild/win32-arm64@npm:0.17.18":
  version: 0.17.18
  resolution: "@esbuild/win32-arm64@npm:0.17.18"
  conditions: os=win32 & cpu=arm64
  languageName: node
  linkType: hard

"@esbuild/win32-ia32@npm:0.17.18":
  version: 0.17.18
  resolution: "@esbuild/win32-ia32@npm:0.17.18"
  conditions: os=win32 & cpu=ia32
  languageName: node
  linkType: hard

"@esbuild/win32-x64@npm:0.17.18":
  version: 0.17.18
  resolution: "@esbuild/win32-x64@npm:0.17.18"
  conditions: os=win32 & cpu=x64
  languageName: node
  linkType: hard

"@fortawesome/fontawesome-free@npm:^6.4.0":
  version: 6.4.0
  resolution: "@fortawesome/fontawesome-free@npm:6.4.0"
  checksum: 0197cd7df96de375862fea561d69427deebb918cadc26074cc8d490180d536e7e58853d138ca74d081b46b2cbdec2783d01cdaccb8bd723d6ef6b4cc8455b84b
  languageName: node
  linkType: hard

"@kurkle/color@npm:^0.3.0":
  version: 0.3.2
  resolution: "@kurkle/color@npm:0.3.2"
  checksum: 79e97b31f8f6efb28c69d373f94b0c7480226fe8ec95221f518ac998e156444a496727ce47de6d728eb5c3369288e794cba82cae34253deb0d472d3bfe080e49
  languageName: node
  linkType: hard

"@rails/ujs@npm:^7.0.0":
  version: 7.0.4
  resolution: "@rails/ujs@npm:7.0.4"
  checksum: 26a05efb14fe09b792dcf8de067d5607d0fdafc0a6c5d73dd4d57a214d441b8cabbdb563b8f54e78932210de2b5236a466664edd53fc8bda71fa6d9835bd9266
  languageName: node
  linkType: hard

"app@workspace:.":
  version: 0.0.0-use.local
  resolution: "app@workspace:."
  dependencies:
    "@fortawesome/fontawesome-free": ^6.4.0
    "@rails/ujs": ^7.0.0
    bulma: ^0.9.4
    chart.js: ^4.2.0
    esbuild: ^0.17.0
    wnumb: ^1.2.0
  languageName: unknown
  linkType: soft

"bulma@npm:^0.9.4":
  version: 0.9.4
  resolution: "bulma@npm:0.9.4"
  checksum: bc0ab8c203deb0ae200fab5b38547ad4bc8ed1e3abcf6f4ac8a2229af46540419bbcb78c9d2e80f3ddda8825d64fa186ed8775674656cdcabe5544be4d0f3d85
  languageName: node
  linkType: hard

"chart.js@npm:^4.2.0":
  version: 4.3.0
  resolution: "chart.js@npm:4.3.0"
  dependencies:
    "@kurkle/color": ^0.3.0
  checksum: 157ceaa3815665163cb30ccc221a5af40834dca940faa6ec02cb95406bf3e83c15c5f36ad950a1716c9d199e87f7b9be953227c4d9d445d593536175b47bbab8
  languageName: node
  linkType: hard

"esbuild@npm:^0.17.0":
  version: 0.17.18
  resolution: "esbuild@npm:0.17.18"
  dependencies:
    "@esbuild/android-arm": 0.17.18
    "@esbuild/android-arm64": 0.17.18
    "@esbuild/android-x64": 0.17.18
    "@esbuild/darwin-arm64": 0.17.18
    "@esbuild/darwin-x64": 0.17.18
    "@esbuild/freebsd-arm64": 0.17.18
    "@esbuild/freebsd-x64": 0.17.18
    "@esbuild/linux-arm": 0.17.18
    "@esbuild/linux-arm64": 0.17.18
    "@esbuild/linux-ia32": 0.17.18
    "@esbuild/linux-loong64": 0.17.18
    "@esbuild/linux-mips64el": 0.17.18
    "@esbuild/linux-ppc64": 0.17.18
    "@esbuild/linux-riscv64": 0.17.18
    "@esbuild/linux-s390x": 0.17.18
    "@esbuild/linux-x64": 0.17.18
    "@esbuild/netbsd-x64": 0.17.18
    "@esbuild/openbsd-x64": 0.17.18
    "@esbuild/sunos-x64": 0.17.18
    "@esbuild/win32-arm64": 0.17.18
    "@esbuild/win32-ia32": 0.17.18
    "@esbuild/win32-x64": 0.17.18
  dependenciesMeta:
    "@esbuild/android-arm":
      optional: true
    "@esbuild/android-arm64":
      optional: true
    "@esbuild/android-x64":
      optional: true
    "@esbuild/darwin-arm64":
      optional: true
    "@esbuild/darwin-x64":
      optional: true
    "@esbuild/freebsd-arm64":
      optional: true
    "@esbuild/freebsd-x64":
      optional: true
    "@esbuild/linux-arm":
      optional: true
    "@esbuild/linux-arm64":
      optional: true
    "@esbuild/linux-ia32":
      optional: true
    "@esbuild/linux-loong64":
      optional: true
    "@esbuild/linux-mips64el":
      optional: true
    "@esbuild/linux-ppc64":
      optional: true
    "@esbuild/linux-riscv64":
      optional: true
    "@esbuild/linux-s390x":
      optional: true
    "@esbuild/linux-x64":
      optional: true
    "@esbuild/netbsd-x64":
      optional: true
    "@esbuild/openbsd-x64":
      optional: true
    "@esbuild/sunos-x64":
      optional: true
    "@esbuild/win32-arm64":
      optional: true
    "@esbuild/win32-ia32":
      optional: true
    "@esbuild/win32-x64":
      optional: true
  bin:
    esbuild: bin/esbuild
  checksum: 900b333f649fd89804216fb61fb5a0ffadc6dc37a2ec3b5981b588f72821676ea649a7c0ec785f0dbe6e774080b084c8af5f6ee7adbc1b138faf2a8c35e2c69c
  languageName: node
  linkType: hard

"wnumb@npm:^1.2.0":
  version: 1.2.0
  resolution: "wnumb@npm:1.2.0"
  checksum: 4aa47d0f27a0990d2d5e25e8e871cf51656d51b9e99b3b84b6a1e70ab16854dfc25cceb5d9a20109843695ca12f7acb04c512350842c5f1f10a718e9eeb6e0f4
  languageName: node
  linkType: hard
